github.com/mitchellh/gox v1.0.1 h1:x0jD3dcHk9a9xPSDN6YEL4xL6Qz0dvNYm8yZqui5chI=
github.com/mitchellh/gox v1.0.1/go.mod h1:ED6BioOGXMswlXa2zxfh/xdd5QhwYliBFn9V18Ap4z4=
github.com/paulrosania/go-charset v0.0.0-20190326053356-55c9d7a5834c h1:P6XGcuPTigoHf4TSu+3D/7QOQ1MbL6alNwrGhcW7sKw=
github.com/paulrosania/go-charset v0.0.0-20190326053356-55c9d7a5834c/go.mod h1:YnNlZP7l4MhyGQ4CBRwv6ohZTPrUJJZtEv4ZgADkbs4=
github.com/sg3des/eml v0.0.0-20151119111839-451f15451b51 h1:E1KuRSk7li76y0pxPQSXBpzCJNyLgOmYBd4KuE3OxrQ=
github.com/sg3des/eml v0.0.0-20151119111839-451f15451b51/go.mod h1:RKzx1/4zO+aufJXnFaRyNxLbC3Ne6ZSY8jrKDcln3Uk=
